
Microsoft Visual Studio Solution File, Format Version 12.00
# Visual Studio Version 17
VisualStudioVersion = 17.2.32630.192
MinimumVisualStudioVersion = 10.0.40219.1
Project("{9A19103F-16F7-4668-BE54-9A1E7A4F7556}") = "Blogger", "Blogger\Blogger.csproj", "{6CE87705-BC85-4BB4-9A96-31000B7B9AF6}"
EndProject
Global
	GlobalSection(SolutionConfigurationPlatforms) = preSolution
		Debug|Any CPU = Debug|Any CPU
		Release|Any CPU = Release|Any CPU
	EndGlobalSection
	GlobalSection(ProjectConfigurationPlatforms) = postSolution
		{6CE87705-BC85-4BB4-9A96-31000B7B9AF6}.Debug|Any CPU.ActiveCfg = Debug|Any CPU
		{6CE87705-BC85-4BB4-9A96-31000B7B9AF6}.Debug|Any CPU.Build.0 = Debug|Any CPU
		{6CE87705-BC85-4BB4-9A96-31000B7B9AF6}.Release|Any CPU.ActiveCfg = Release|Any CPU
		{6CE87705-BC85-4BB4-9A96-31000B7B9AF6}.Release|Any CPU.Build.0 = Release|Any CPU
	EndGlobalSection
	GlobalSection(SolutionProperties) = preSolution
		HideSolutionNode = FALSE
	EndGlobalSection
	GlobalSection(ExtensibilityGlobals) = postSolution
		SolutionGuid = {69ACECA7-62CE-4523-B8CF-D0230942C7F7}
	EndGlobalSection
EndGlobal
